
Microsoft Visual Studio Solution File, Format Version 12.00
# Visual Studio Version 17
VisualStudioVersion = 17.5.33530.505
MinimumVisualStudioVersion = 10.0.40219.1
Project("{FAE04EC0-301F-11D3-BF4B-00C04F79EFBC}") = "Chagas.Domain", "Chagas.Domain\Chagas.Domain.csproj", "{DFA977E9-3E21-433C-9B7A-3983F3F80F92}"
EndProject
Project("{FAE04EC0-301F-11D3-BF4B-00C04F79EFBC}") = "Chagas.Shared", "Chagas.Shared\Chagas.Shared.csproj", "{E0B6B458-E750-4AFA-B174-0B44D08EF180}"
EndProject
Project("{FAE04EC0-301F-11D3-BF4B-00C04F79EFBC}") = "Chagas.Infra.Data", "Chagas.Infra.Data\Chagas.Infra.Data.csproj", "{33AC687D-9C2F-462B-A582-8AF5B6E13B26}"
EndProject
Project("{FAE04EC0-301F-11D3-BF4B-00C04F79EFBC}") = "Chagas.Application", "Chagas.Application\Chagas.Application.csproj", "{EA92478B-1B88-4455-94C8-36D143784058}"
EndProject
Project("{FAE04EC0-301F-11D3-BF4B-00C04F79EFBC}") = "Chagas.Extensions", "Chagas.Extensions\Chagas.Extensions.csproj", "{9153A683-424C-475C-B3D4-5052731BECDA}"
EndProject
Project("{FAE04EC0-301F-11D3-BF4B-00C04F79EFBC}") = "Chagas.Tests", "Chagas.Tests\Chagas.Tests.csproj", "{CCC04993-F1B4-4171-9307-145F04FD6A89}"
EndProject
Project("{FAE04EC0-301F-11D3-BF4B-00C04F79EFBC}") = "Chagas.API", "Chagas.API\Chagas.API.csproj", "{A0A9F549-5716-4B75-82B7-F6F8E9D5C386}"
EndProject
Global
	GlobalSection(SolutionConfigurationPlatforms) = preSolution
		Debug|Any CPU = Debug|Any CPU
		Release|Any CPU = Release|Any CPU
	EndGlobalSection
	GlobalSection(ProjectConfigurationPlatforms) = postSolution
		{DFA977E9-3E21-433C-9B7A-3983F3F80F92}.Debug|Any CPU.ActiveCfg = Debug|Any CPU
		{DFA977E9-3E21-433C-9B7A-3983F3F80F92}.Debug|Any CPU.Build.0 = Debug|Any CPU
		{DFA977E9-3E21-433C-9B7A-3983F3F80F92}.Release|Any CPU.ActiveCfg = Release|Any CPU
		{DFA977E9-3E21-433C-9B7A-3983F3F80F92}.Release|Any CPU.Build.0 = Release|Any CPU
		{E0B6B458-E750-4AFA-B174-0B44D08EF180}.Debug|Any CPU.ActiveCfg = Debug|Any CPU
		{E0B6B458-E750-4AFA-B174-0B44D08EF180}.Debug|Any CPU.Build.0 = Debug|Any CPU
		{E0B6B458-E750-4AFA-B174-0B44D08EF180}.Release|Any CPU.ActiveCfg = Release|Any CPU
		{E0B6B458-E750-4AFA-B174-0B44D08EF180}.Release|Any CPU.Build.0 = Release|Any CPU
		{33AC687D-9C2F-462B-A582-8AF5B6E13B26}.Debug|Any CPU.ActiveCfg = Debug|Any CPU
		{33AC687D-9C2F-462B-A582-8AF5B6E13B26}.Debug|Any CPU.Build.0 = Debug|Any CPU
		{33AC687D-9C2F-462B-A582-8AF5B6E13B26}.Release|Any CPU.ActiveCfg = Release|Any CPU
		{33AC687D-9C2F-462B-A582-8AF5B6E13B26}.Release|Any CPU.Build.0 = Release|Any CPU
		{EA92478B-1B88-4455-94C8-36D143784058}.Debug|Any CPU.ActiveCfg = Debug|Any CPU
		{EA92478B-1B88-4455-94C8-36D143784058}.Debug|Any CPU.Build.0 = Debug|Any CPU
		{EA92478B-1B88-4455-94C8-36D143784058}.Release|Any CPU.ActiveCfg = Release|Any CPU
		{EA92478B-1B88-4455-94C8-36D143784058}.Release|Any CPU.Build.0 = Release|Any CPU
		{9153A683-424C-475C-B3D4-5052731BECDA}.Debug|Any CPU.ActiveCfg = Debug|Any CPU
		{9153A683-424C-475C-B3D4-5052731BECDA}.Debug|Any CPU.Build.0 = Debug|Any CPU
		{9153A683-424C-475C-B3D4-5052731BECDA}.Release|Any CPU.ActiveCfg = Release|Any CPU
		{9153A683-424C-475C-B3D4-5052731BECDA}.Release|Any CPU.Build.0 = Release|Any CPU
		{CCC04993-F1B4-4171-9307-145F04FD6A89}.Debug|Any CPU.ActiveCfg = Debug|Any CPU
		{CCC04993-F1B4-4171-9307-145F04FD6A89}.Debug|Any CPU.Build.0 = Debug|Any CPU
		{CCC04993-F1B4-4171-9307-145F04FD6A89}.Release|Any CPU.ActiveCfg = Release|Any CPU
		{CCC04993-F1B4-4171-9307-145F04FD6A89}.Release|Any CPU.Build.0 = Release|Any CPU
		{A0A9F549-5716-4B75-82B7-F6F8E9D5C386}.Debug|Any CPU.ActiveCfg = Debug|Any CPU
		{A0A9F549-5716-4B75-82B7-F6F8E9D5C386}.Debug|Any CPU.Build.0 = Debug|Any CPU
		{A0A9F549-5716-4B75-82B7-F6F8E9D5C386}.Release|Any CPU.ActiveCfg = Release|Any CPU
		{A0A9F549-5716-4B75-82B7-F6F8E9D5C386}.Release|Any CPU.Build.0 = Release|Any CPU
	EndGlobalSection
	GlobalSection(SolutionProperties) = preSolution
		HideSolutionNode = FALSE
	EndGlobalSection
	GlobalSection(ExtensibilityGlobals) = postSolution
		SolutionGuid = {146DB74C-1997-4EC6-B96E-EF2954F54D2F}
	EndGlobalSection
EndGlobal
